<?xml version="1.0" encoding="UTF-8"?>
<!DOCTYPE plist PUBLIC "-//Apple//DTD PLIST 1.0//EN" "http://www.apple.com/DTDs/PropertyList-1.0.dtd">
<plist version="1.0">
<dict>
	<key>hostname</key>
	<string>MacBook-Pro-2.local</string>
	<key>hostuuid</key>
	<string>0F4CB9C3-29F3-5519-86D0-47656F0D6FCD</string>
	<key>pid</key>
	<integer>621</integer>
	<key>processname</key>
	<string>photolibraryd</string>
	<key>uid</key>
	<integer>501</integer>
</dict>
</plist>
